
Microsoft Visual Studio Solution File, Format Version 12.00
# Visual Studio Version 17
VisualStudioVersion = 17.8.34330.188
MinimumVisualStudioVersion = 10.0.40219.1
Project("{FAE04EC0-301F-11D3-BF4B-00C04F79EFBC}") = "EasyOrder", "EasyOrder\EasyOrder.csproj", "{8873E07F-5631-47C9-9CA1-AAB766D7874B}"
EndProject
Global
	GlobalSection(SolutionConfigurationPlatforms) = preSolution
		Debug|Any CPU = Debug|Any CPU
		Release|Any CPU = Release|Any CPU
	EndGlobalSection
	GlobalSection(ProjectConfigurationPlatforms) = postSolution
		{8873E07F-5631-47C9-9CA1-AAB766D7874B}.Debug|Any CPU.ActiveCfg = Debug|Any CPU
		{8873E07F-5631-47C9-9CA1-AAB766D7874B}.Debug|Any CPU.Build.0 = Debug|Any CPU
		{8873E07F-5631-47C9-9CA1-AAB766D7874B}.Release|Any CPU.ActiveCfg = Release|Any CPU
		{8873E07F-5631-47C9-9CA1-AAB766D7874B}.Release|Any CPU.Build.0 = Release|Any CPU
	EndGlobalSection
	GlobalSection(SolutionProperties) = preSolution
		HideSolutionNode = FALSE
	EndGlobalSection
	GlobalSection(ExtensibilityGlobals) = postSolution
		SolutionGuid = {16AFF76F-BADF-42B3-82BE-9F1F092083CB}
	EndGlobalSection
EndGlobal
